# THIS IS AN AUTOGENERATED FILE. DO NOT EDIT THIS FILE DIRECTLY.
# yarn lockfile v1


axios@^0.21.0:
  version "0.21.0"
  resolved "https://registry.yarnpkg.com/axios/-/axios-0.21.0.tgz#26df088803a2350dff2c27f96fef99fe49442aca"
  integrity sha512-fmkJBknJKoZwem3/IKSSLpkdNXZeBu5Q7GA/aRsr2btgrptmSCxi2oFjZHqGdK9DoTil9PIHlPIZw2EcRJXRvw==
  dependencies:
    follow-redirects "^1.10.0"

bybit-api@^1.2.5:
  version "1.2.5"
  resolved "https://registry.yarnpkg.com/bybit-api/-/bybit-api-1.2.5.tgz#9f2c42046d52da7b67a87792b5bc4863bd25e181"
  integrity sha512-Sm53je1V0F+y2WM+RrGUix+2v4C/0S8I+PJWq7xRL2JLUOxJaDQLgiUlx+Dvi0Z82SdZM3mq2R8LP0+BfdmueA==
  dependencies:
    axios "^0.21.0"
    ws "^7.3.1"

ccxt@^1.38.30:
  version "1.38.30"
  resolved "https://registry.yarnpkg.com/ccxt/-/ccxt-1.38.30.tgz#014135c633ff6af1bfb6317a833289f14596259b"
  integrity sha512-ZVAjqUfHcqYMMmLIbYMUsQdDLyrlZsFXGh3MC19s2zEUjuZ+nueJ3Efq8YlSfzqHh155RE2VER3NUWTqGbxl4Q==

dotenv@^8.2.0:
  version "8.2.0"
  resolved "https://registry.yarnpkg.com/dotenv/-/dotenv-8.2.0.tgz#97e619259ada750eea3e4ea3e26bceea5424b16a"
  integrity sha512-8sJ78ElpbDJBHNeBzUbUVLsqKdccaa/BXF1uPTw3GrvQTBgrQrtObr2mUrE38vzYd8cEv+m/JBfDLioYcfXoaw==

follow-redirects@^1.10.0:
  version "1.13.0"
  resolved "https://registry.yarnpkg.com/follow-redirects/-/follow-redirects-1.13.0.tgz#b42e8d93a2a7eea5ed88633676d6597bc8e384db"
  integrity sha512-aq6gF1BEKje4a9i9+5jimNFIpq4Q1WiwBToeRK5NvZBd/TRsmW8BsJfOEGkr76TbOyPVD3OVDN910EcUNtRYEA==

ws@^7.3.1:
  version "7.4.0"
  resolved "https://registry.yarnpkg.com/ws/-/ws-7.4.0.tgz#a5dd76a24197940d4a8bb9e0e152bb4503764da7"
  integrity sha512-kyFwXuV/5ymf+IXhS6f0+eAFvydbaBW3zjpT6hUdAh/hbVjTIB5EHBGi0bPoCLSK2wcuz3BrEkB9LrYv1Nm4NQ==
